
Microsoft Visual Studio Solution File, Format Version 12.00
# Visual Studio 15
VisualStudioVersion = 15.0.28010.2026
MinimumVisualStudioVersion = 10.0.40219.1
Project("{FAE04EC0-301F-11D3-BF4B-00C04F79EFBC}") = "Lab13", "Lab13\Lab13.csproj", "{18D887E2-FD8D-45FC-A9BA-2914A5482BE8}"
EndProject
Global
	GlobalSection(SolutionConfigurationPlatforms) = preSolution
		Debug|Any CPU = Debug|Any CPU
		Release|Any CPU = Release|Any CPU
	EndGlobalSection
	GlobalSection(ProjectConfigurationPlatforms) = postSolution
		{18D887E2-FD8D-45FC-A9BA-2914A5482BE8}.Debug|Any CPU.ActiveCfg = Debug|Any CPU
		{18D887E2-FD8D-45FC-A9BA-2914A5482BE8}.Debug|Any CPU.Build.0 = Debug|Any CPU
		{18D887E2-FD8D-45FC-A9BA-2914A5482BE8}.Release|Any CPU.ActiveCfg = Release|Any CPU
		{18D887E2-FD8D-45FC-A9BA-2914A5482BE8}.Release|Any CPU.Build.0 = Release|Any CPU
	EndGlobalSection
	GlobalSection(SolutionProperties) = preSolution
		HideSolutionNode = FALSE
	EndGlobalSection
	GlobalSection(ExtensibilityGlobals) = postSolution
		SolutionGuid = {DCCEFF72-2D34-4EDD-9365-D92D06D1B27C}
	EndGlobalSection
EndGlobal
